
Microsoft Visual Studio Solution File, Format Version 12.00
# Visual Studio Version 17
VisualStudioVersion = 17.9.34723.18
MinimumVisualStudioVersion = 10.0.40219.1
Project("{8BC9CEB8-8B4A-11D0-8D11-00A0C91BC942}") = "Program", "Program.vcxproj", "{13C58CD6-C8B4-4AE8-B7A1-E058FFB20D41}"
EndProject
Project("{8BC9CEB8-8B4A-11D0-8D11-00A0C91BC942}") = "Class1th (Stream)", "..\Class1th (Stream)\Class1th (Stream).vcxproj", "{3164165C-7C78-4A9F-A073-855B129E695E}"
EndProject
Project("{8BC9CEB8-8B4A-11D0-8D11-00A0C91BC942}") = "Class2th (Class)", "..\Class2th (Class)\Class2th (Class).vcxproj", "{05076A3F-971C-41AE-AD1D-6D1772C25B2B}"
EndProject
Project("{8BC9CEB8-8B4A-11D0-8D11-00A0C91BC942}") = "Class3th (Constructor and Destructor)", "..\Class3th (Constructor and Destructor)\Class3th (Constructor and Destructor).vcxproj", "{EB6E0B1C-F400-4BB4-88B0-F2E02AB8EB7D}"
EndProject
Project("{8BC9CEB8-8B4A-11D0-8D11-00A0C91BC942}") = "Class4th (Inheritance)", "..\Class4th (intherane)\Class4th (intherane).vcxproj", "{50E280AB-36C5-4854-B961-77EAEA71493E}"
EndProject
Project("{8BC9CEB8-8B4A-11D0-8D11-00A0C91BC942}") = "Class5th (Polymorphirm)", "..\Class5th (Polymorphirm)\Class5th (Polymorphirm).vcxproj", "{FD6EA295-22FA-4BFE-962A-91C50B86818D}"
EndProject
Project("{8BC9CEB8-8B4A-11D0-8D11-00A0C91BC942}") = "Class7th (Multiple Inheritance)", "..\Class7th (Muitiple Inheritance)\Class7th (Muitiple Inheritance).vcxproj", "{88D4DED8-48E6-41AF-99FE-D25E3BF06A77}"
EndProject
Project("{8BC9CEB8-8B4A-11D0-8D11-00A0C91BC942}") = "Class6th (Pure Virtual Function)", "..\Class6th (Pure)\Class6th (Pure).vcxproj", "{FC7251ED-93D0-4E05-822D-F004CF963F72}"
EndProject
Project("{8BC9CEB8-8B4A-11D0-8D11-00A0C91BC942}") = "Class8th (Object Slice)", "..\Class8th (Object Slice)\Class8th (Object Slice).vcxproj", "{96DB0FB1-AF0F-4F35-91D3-6A0D5CDCFD17}"
EndProject
Project("{8BC9CEB8-8B4A-11D0-8D11-00A0C91BC942}") = "Class9th (Operator Overloading)", "..\Class9th (Operator Overloading)\Class9th (Operator Overloading).vcxproj", "{62C591E8-A94B-4078-99A6-584FF1D52D2D}"
EndProject
Project("{8BC9CEB8-8B4A-11D0-8D11-00A0C91BC942}") = "Class10th (Friend)", "..\Class10th (Friend)\Class10th (Friend).vcxproj", "{538906AC-1359-4F21-8F89-7A94D8651BE5}"
EndProject
Project("{8BC9CEB8-8B4A-11D0-8D11-00A0C91BC942}") = "Class11th (Smart Pointer)", "..\Class11th (Smart Pointer)\Class11th (Smart Pointer).vcxproj", "{8956CFD8-AE1B-408D-90E7-9C8F522CE46F}"
EndProject
Project("{8BC9CEB8-8B4A-11D0-8D11-00A0C91BC942}") = "Class12th (Template)", "..\Class12th (Template)\Class12th (Template).vcxproj", "{4A4F177B-E111-4E90-A5F8-B5B610EFA852}"
EndProject
Project("{8BC9CEB8-8B4A-11D0-8D11-00A0C91BC942}") = "Class13th (Linear Container)", "..\Class13th (Linear Container)\Class13th (Linear Container).vcxproj", "{FBD888E2-D247-435A-8367-B89DACEB16FC}"
EndProject
Project("{8BC9CEB8-8B4A-11D0-8D11-00A0C91BC942}") = "Class14th (Container Adapter)", "..\Class14th (Container Adapter)\Class14th (Container Adapter).vcxproj", "{0DF03CB1-EFFA-420B-89AB-CB5EC3F21828}"
EndProject
Project("{8BC9CEB8-8B4A-11D0-8D11-00A0C91BC942}") = "Class15th (Associaed Container)", "..\Class15th (Associaed Container)\Class15th (Associaed Container).vcxproj", "{CF4CBBB6-62D2-43FA-A156-8B8C2B146874}"
EndProject
Project("{8BC9CEB8-8B4A-11D0-8D11-00A0C91BC942}") = "Class16th (Final)", "..\Class16th (Final)\Class16th (Final).vcxproj", "{F77134CC-4FCD-46D9-9A14-80B839E35B9B}"
EndProject
Global
	GlobalSection(SolutionConfigurationPlatforms) = preSolution
		Debug|x64 = Debug|x64
		Debug|x86 = Debug|x86
		Release|x64 = Release|x64
		Release|x86 = Release|x86
	EndGlobalSection
	GlobalSection(ProjectConfigurationPlatforms) = postSolution
		{13C58CD6-C8B4-4AE8-B7A1-E058FFB20D41}.Debug|x64.ActiveCfg = Debug|x64
		{13C58CD6-C8B4-4AE8-B7A1-E058FFB20D41}.Debug|x64.Build.0 = Debug|x64
		{13C58CD6-C8B4-4AE8-B7A1-E058FFB20D41}.Debug|x86.ActiveCfg = Debug|Win32
		{13C58CD6-C8B4-4AE8-B7A1-E058FFB20D41}.Debug|x86.Build.0 = Debug|Win32
		{13C58CD6-C8B4-4AE8-B7A1-E058FFB20D41}.Release|x64.ActiveCfg = Release|x64
		{13C58CD6-C8B4-4AE8-B7A1-E058FFB20D41}.Release|x64.Build.0 = Release|x64
		{13C58CD6-C8B4-4AE8-B7A1-E058FFB20D41}.Release|x86.ActiveCfg = Release|Win32
		{13C58CD6-C8B4-4AE8-B7A1-E058FFB20D41}.Release|x86.Build.0 = Release|Win32
		{3164165C-7C78-4A9F-A073-855B129E695E}.Debug|x64.ActiveCfg = Debug|x64
		{3164165C-7C78-4A9F-A073-855B129E695E}.Debug|x64.Build.0 = Debug|x64
		{3164165C-7C78-4A9F-A073-855B129E695E}.Debug|x86.ActiveCfg = Debug|Win32
		{3164165C-7C78-4A9F-A073-855B129E695E}.Debug|x86.Build.0 = Debug|Win32
		{3164165C-7C78-4A9F-A073-855B129E695E}.Release|x64.ActiveCfg = Release|x64
		{3164165C-7C78-4A9F-A073-855B129E695E}.Release|x64.Build.0 = Release|x64
		{3164165C-7C78-4A9F-A073-855B129E695E}.Release|x86.ActiveCfg = Release|Win32
		{3164165C-7C78-4A9F-A073-855B129E695E}.Release|x86.Build.0 = Release|Win32
		{05076A3F-971C-41AE-AD1D-6D1772C25B2B}.Debug|x64.ActiveCfg = Debug|x64
		{05076A3F-971C-41AE-AD1D-6D1772C25B2B}.Debug|x64.Build.0 = Debug|x64
		{05076A3F-971C-41AE-AD1D-6D1772C25B2B}.Debug|x86.ActiveCfg = Debug|Win32
		{05076A3F-971C-41AE-AD1D-6D1772C25B2B}.Debug|x86.Build.0 = Debug|Win32
		{05076A3F-971C-41AE-AD1D-6D1772C25B2B}.Release|x64.ActiveCfg = Release|x64
		{05076A3F-971C-41AE-AD1D-6D1772C25B2B}.Release|x64.Build.0 = Release|x64
		{05076A3F-971C-41AE-AD1D-6D1772C25B2B}.Release|x86.ActiveCfg = Release|Win32
		{05076A3F-971C-41AE-AD1D-6D1772C25B2B}.Release|x86.Build.0 = Release|Win32
		{EB6E0B1C-F400-4BB4-88B0-F2E02AB8EB7D}.Debug|x64.ActiveCfg = Debug|x64
		{EB6E0B1C-F400-4BB4-88B0-F2E02AB8EB7D}.Debug|x64.Build.0 = Debug|x64
		{EB6E0B1C-F400-4BB4-88B0-F2E02AB8EB7D}.Debug|x86.ActiveCfg = Debug|Win32
		{EB6E0B1C-F400-4BB4-88B0-F2E02AB8EB7D}.Debug|x86.Build.0 = Debug|Win32
		{EB6E0B1C-F400-4BB4-88B0-F2E02AB8EB7D}.Release|x64.ActiveCfg = Release|x64
		{EB6E0B1C-F400-4BB4-88B0-F2E02AB8EB7D}.Release|x64.Build.0 = Release|x64
		{EB6E0B1C-F400-4BB4-88B0-F2E02AB8EB7D}.Release|x86.ActiveCfg = Release|Win32
		{EB6E0B1C-F400-4BB4-88B0-F2E02AB8EB7D}.Release|x86.Build.0 = Release|Win32
		{50E280AB-36C5-4854-B961-77EAEA71493E}.Debug|x64.ActiveCfg = Debug|x64
		{50E280AB-36C5-4854-B961-77EAEA71493E}.Debug|x64.Build.0 = Debug|x64
		{50E280AB-36C5-4854-B961-77EAEA71493E}.Debug|x86.ActiveCfg = Debug|Win32
		{50E280AB-36C5-4854-B961-77EAEA71493E}.Debug|x86.Build.0 = Debug|Win32
		{50E280AB-36C5-4854-B961-77EAEA71493E}.Release|x64.ActiveCfg = Release|x64
		{50E280AB-36C5-4854-B961-77EAEA71493E}.Release|x64.Build.0 = Release|x64
		{50E280AB-36C5-4854-B961-77EAEA71493E}.Release|x86.ActiveCfg = Release|Win32
		{50E280AB-36C5-4854-B961-77EAEA71493E}.Release|x86.Build.0 = Release|Win32
		{FD6EA295-22FA-4BFE-962A-91C50B86818D}.Debug|x64.ActiveCfg = Debug|x64
		{FD6EA295-22FA-4BFE-962A-91C50B86818D}.Debug|x64.Build.0 = Debug|x64
		{FD6EA295-22FA-4BFE-962A-91C50B86818D}.Debug|x86.ActiveCfg = Debug|Win32
		{FD6EA295-22FA-4BFE-962A-91C50B86818D}.Debug|x86.Build.0 = Debug|Win32
		{FD6EA295-22FA-4BFE-962A-91C50B86818D}.Release|x64.ActiveCfg = Release|x64
		{FD6EA295-22FA-4BFE-962A-91C50B86818D}.Release|x64.Build.0 = Release|x64
		{FD6EA295-22FA-4BFE-962A-91C50B86818D}.Release|x86.ActiveCfg = Release|Win32
		{FD6EA295-22FA-4BFE-962A-91C50B86818D}.Release|x86.Build.0 = Release|Win32
		{88D4DED8-48E6-41AF-99FE-D25E3BF06A77}.Debug|x64.ActiveCfg = Debug|x64
		{88D4DED8-48E6-41AF-99FE-D25E3BF06A77}.Debug|x64.Build.0 = Debug|x64
		{88D4DED8-48E6-41AF-99FE-D25E3BF06A77}.Debug|x86.ActiveCfg = Debug|Win32
		{88D4DED8-48E6-41AF-99FE-D25E3BF06A77}.Debug|x86.Build.0 = Debug|Win32
		{88D4DED8-48E6-41AF-99FE-D25E3BF06A77}.Release|x64.ActiveCfg = Release|x64
		{88D4DED8-48E6-41AF-99FE-D25E3BF06A77}.Release|x64.Build.0 = Release|x64
		{88D4DED8-48E6-41AF-99FE-D25E3BF06A77}.Release|x86.ActiveCfg = Release|Win32
		{88D4DED8-48E6-41AF-99FE-D25E3BF06A77}.Release|x86.Build.0 = Release|Win32
		{FC7251ED-93D0-4E05-822D-F004CF963F72}.Debug|x64.ActiveCfg = Debug|x64
		{FC7251ED-93D0-4E05-822D-F004CF963F72}.Debug|x64.Build.0 = Debug|x64
		{FC7251ED-93D0-4E05-822D-F004CF963F72}.Debug|x86.ActiveCfg = Debug|Win32
		{FC7251ED-93D0-4E05-822D-F004CF963F72}.Debug|x86.Build.0 = Debug|Win32
		{FC7251ED-93D0-4E05-822D-F004CF963F72}.Release|x64.ActiveCfg = Release|x64
		{FC7251ED-93D0-4E05-822D-F004CF963F72}.Release|x64.Build.0 = Release|x64
		{FC7251ED-93D0-4E05-822D-F004CF963F72}.Release|x86.ActiveCfg = Release|Win32
		{FC7251ED-93D0-4E05-822D-F004CF963F72}.Release|x86.Build.0 = Release|Win32
		{96DB0FB1-AF0F-4F35-91D3-6A0D5CDCFD17}.Debug|x64.ActiveCfg = Debug|x64
		{96DB0FB1-AF0F-4F35-91D3-6A0D5CDCFD17}.Debug|x64.Build.0 = Debug|x64
		{96DB0FB1-AF0F-4F35-91D3-6A0D5CDCFD17}.Debug|x86.ActiveCfg = Debug|Win32
		{96DB0FB1-AF0F-4F35-91D3-6A0D5CDCFD17}.Debug|x86.Build.0 = Debug|Win32
		{96DB0FB1-AF0F-4F35-91D3-6A0D5CDCFD17}.Release|x64.ActiveCfg = Release|x64
		{96DB0FB1-AF0F-4F35-91D3-6A0D5CDCFD17}.Release|x64.Build.0 = Release|x64
		{96DB0FB1-AF0F-4F35-91D3-6A0D5CDCFD17}.Release|x86.ActiveCfg = Release|Win32
		{96DB0FB1-AF0F-4F35-91D3-6A0D5CDCFD17}.Release|x86.Build.0 = Release|Win32
		{62C591E8-A94B-4078-99A6-584FF1D52D2D}.Debug|x64.ActiveCfg = Debug|x64
		{62C591E8-A94B-4078-99A6-584FF1D52D2D}.Debug|x64.Build.0 = Debug|x64
		{62C591E8-A94B-4078-99A6-584FF1D52D2D}.Debug|x86.ActiveCfg = Debug|Win32
		{62C591E8-A94B-4078-99A6-584FF1D52D2D}.Debug|x86.Build.0 = Debug|Win32
		{62C591E8-A94B-4078-99A6-584FF1D52D2D}.Release|x64.ActiveCfg = Release|x64
		{62C591E8-A94B-4078-99A6-584FF1D52D2D}.Release|x64.Build.0 = Release|x64
		{62C591E8-A94B-4078-99A6-584FF1D52D2D}.Release|x86.ActiveCfg = Release|Win32
		{62C591E8-A94B-4078-99A6-584FF1D52D2D}.Release|x86.Build.0 = Release|Win32
		{538906AC-1359-4F21-8F89-7A94D8651BE5}.Debug|x64.ActiveCfg = Debug|x64
		{538906AC-1359-4F21-8F89-7A94D8651BE5}.Debug|x64.Build.0 = Debug|x64
		{538906AC-1359-4F21-8F89-7A94D8651BE5}.Debug|x86.ActiveCfg = Debug|Win32
		{538906AC-1359-4F21-8F89-7A94D8651BE5}.Debug|x86.Build.0 = Debug|Win32
		{538906AC-1359-4F21-8F89-7A94D8651BE5}.Release|x64.ActiveCfg = Release|x64
		{538906AC-1359-4F21-8F89-7A94D8651BE5}.Release|x64.Build.0 = Release|x64
		{538906AC-1359-4F21-8F89-7A94D8651BE5}.Release|x86.ActiveCfg = Release|Win32
		{538906AC-1359-4F21-8F89-7A94D8651BE5}.Release|x86.Build.0 = Release|Win32
		{8956CFD8-AE1B-408D-90E7-9C8F522CE46F}.Debug|x64.ActiveCfg = Debug|x64
		{8956CFD8-AE1B-408D-90E7-9C8F522CE46F}.Debug|x64.Build.0 = Debug|x64
		{8956CFD8-AE1B-408D-90E7-9C8F522CE46F}.Debug|x86.ActiveCfg = Debug|Win32
		{8956CFD8-AE1B-408D-90E7-9C8F522CE46F}.Debug|x86.Build.0 = Debug|Win32
		{8956CFD8-AE1B-408D-90E7-9C8F522CE46F}.Release|x64.ActiveCfg = Release|x64
		{8956CFD8-AE1B-408D-90E7-9C8F522CE46F}.Release|x64.Build.0 = Release|x64
		{8956CFD8-AE1B-408D-90E7-9C8F522CE46F}.Release|x86.ActiveCfg = Release|Win32
		{8956CFD8-AE1B-408D-90E7-9C8F522CE46F}.Release|x86.Build.0 = Release|Win32
		{4A4F177B-E111-4E90-A5F8-B5B610EFA852}.Debug|x64.ActiveCfg = Debug|x64
		{4A4F177B-E111-4E90-A5F8-B5B610EFA852}.Debug|x64.Build.0 = Debug|x64
		{4A4F177B-E111-4E90-A5F8-B5B610EFA852}.Debug|x86.ActiveCfg = Debug|Win32
		{4A4F177B-E111-4E90-A5F8-B5B610EFA852}.Debug|x86.Build.0 = Debug|Win32
		{4A4F177B-E111-4E90-A5F8-B5B610EFA852}.Release|x64.ActiveCfg = Release|x64
		{4A4F177B-E111-4E90-A5F8-B5B610EFA852}.Release|x64.Build.0 = Release|x64
		{4A4F177B-E111-4E90-A5F8-B5B610EFA852}.Release|x86.ActiveCfg = Release|Win32
		{4A4F177B-E111-4E90-A5F8-B5B610EFA852}.Release|x86.Build.0 = Release|Win32
		{FBD888E2-D247-435A-8367-B89DACEB16FC}.Debug|x64.ActiveCfg = Debug|x64
		{FBD888E2-D247-435A-8367-B89DACEB16FC}.Debug|x64.Build.0 = Debug|x64
		{FBD888E2-D247-435A-8367-B89DACEB16FC}.Debug|x86.ActiveCfg = Debug|Win32
		{FBD888E2-D247-435A-8367-B89DACEB16FC}.Debug|x86.Build.0 = Debug|Win32
		{FBD888E2-D247-435A-8367-B89DACEB16FC}.Release|x64.ActiveCfg = Release|x64
		{FBD888E2-D247-435A-8367-B89DACEB16FC}.Release|x64.Build.0 = Release|x64
		{FBD888E2-D247-435A-8367-B89DACEB16FC}.Release|x86.ActiveCfg = Release|Win32
		{FBD888E2-D247-435A-8367-B89DACEB16FC}.Release|x86.Build.0 = Release|Win32
		{0DF03CB1-EFFA-420B-89AB-CB5EC3F21828}.Debug|x64.ActiveCfg = Debug|x64
		{0DF03CB1-EFFA-420B-89AB-CB5EC3F21828}.Debug|x64.Build.0 = Debug|x64
		{0DF03CB1-EFFA-420B-89AB-CB5EC3F21828}.Debug|x86.ActiveCfg = Debug|Win32
		{0DF03CB1-EFFA-420B-89AB-CB5EC3F21828}.Debug|x86.Build.0 = Debug|Win32
		{0DF03CB1-EFFA-420B-89AB-CB5EC3F21828}.Release|x64.ActiveCfg = Release|x64
		{0DF03CB1-EFFA-420B-89AB-CB5EC3F21828}.Release|x64.Build.0 = Release|x64
		{0DF03CB1-EFFA-420B-89AB-CB5EC3F21828}.Release|x86.ActiveCfg = Release|Win32
		{0DF03CB1-EFFA-420B-89AB-CB5EC3F21828}.Release|x86.Build.0 = Release|Win32
		{CF4CBBB6-62D2-43FA-A156-8B8C2B146874}.Debug|x64.ActiveCfg = Debug|x64
		{CF4CBBB6-62D2-43FA-A156-8B8C2B146874}.Debug|x64.Build.0 = Debug|x64
		{CF4CBBB6-62D2-43FA-A156-8B8C2B146874}.Debug|x86.ActiveCfg = Debug|Win32
		{CF4CBBB6-62D2-43FA-A156-8B8C2B146874}.Debug|x86.Build.0 = Debug|Win32
		{CF4CBBB6-62D2-43FA-A156-8B8C2B146874}.Release|x64.ActiveCfg = Release|x64
		{CF4CBBB6-62D2-43FA-A156-8B8C2B146874}.Release|x64.Build.0 = Release|x64
		{CF4CBBB6-62D2-43FA-A156-8B8C2B146874}.Release|x86.ActiveCfg = Release|Win32
		{CF4CBBB6-62D2-43FA-A156-8B8C2B146874}.Release|x86.Build.0 = Release|Win32
		{F77134CC-4FCD-46D9-9A14-80B839E35B9B}.Debug|x64.ActiveCfg = Debug|x64
		{F77134CC-4FCD-46D9-9A14-80B839E35B9B}.Debug|x64.Build.0 = Debug|x64
		{F77134CC-4FCD-46D9-9A14-80B839E35B9B}.Debug|x86.ActiveCfg = Debug|Win32
		{F77134CC-4FCD-46D9-9A14-80B839E35B9B}.Debug|x86.Build.0 = Debug|Win32
		{F77134CC-4FCD-46D9-9A14-80B839E35B9B}.Release|x64.ActiveCfg = Release|x64
		{F77134CC-4FCD-46D9-9A14-80B839E35B9B}.Release|x64.Build.0 = Release|x64
		{F77134CC-4FCD-46D9-9A14-80B839E35B9B}.Release|x86.ActiveCfg = Release|Win32
		{F77134CC-4FCD-46D9-9A14-80B839E35B9B}.Release|x86.Build.0 = Release|Win32
	EndGlobalSection
	GlobalSection(SolutionProperties) = preSolution
		HideSolutionNode = FALSE
	EndGlobalSection
	GlobalSection(ExtensibilityGlobals) = postSolution
		SolutionGuid = {C9C594B2-A304-4F80-BB68-D9E670468EF0}
	EndGlobalSection
EndGlobal
