
Microsoft Visual Studio Solution File, Format Version 12.00
# Visual Studio Version 17
VisualStudioVersion = 17.9.34723.18
MinimumVisualStudioVersion = 10.0.40219.1
Project("{8BC9CEB8-8B4A-11D0-8D11-00A0C91BC942}") = "Program", "Program.vcxproj", "{13C58CD6-C8B4-4AE8-B7A1-E058FFB20D41}"
EndProject
Project("{8BC9CEB8-8B4A-11D0-8D11-00A0C91BC942}") = "Class1th (Stream)", "..\Class1th (Stream)\Class1th (Stream).vcxproj", "{3164165C-7C78-4A9F-A073-855B129E695E}"
EndProject
Project("{8BC9CEB8-8B4A-11D0-8D11-00A0C91BC942}") = "Class2th (Class)", "..\Class2th (Class)\Class2th (Class).vcxproj", "{05076A3F-971C-41AE-AD1D-6D1772C25B2B}"
EndProject
Project("{8BC9CEB8-8B4A-11D0-8D11-00A0C91BC942}") = "Class3th (Constructor and Destructor)", "..\Class3th (Constructor and Destructor)\Class3th (Constructor and Destructor).vcxproj", "{EB6E0B1C-F400-4BB4-88B0-F2E02AB8EB7D}"
EndProject
Project("{8BC9CEB8-8B4A-11D0-8D11-00A0C91BC942}") = "Class4th (Inheritance)", "..\Class4th (intherane)\Class4th (intherane).vcxproj", "{50E280AB-36C5-4854-B961-77EAEA71493E}"
EndProject
Project("{8BC9CEB8-8B4A-11D0-8D11-00A0C91BC942}") = "Class5th (Polymorphirm)", "..\Class5th (Polymorphirm)\Class5th (Polymorphirm).vcxproj", "{FD6EA295-22FA-4BFE-962A-91C50B86818D}"
EndProject
Project("{8BC9CEB8-8B4A-11D0-8D11-00A0C91BC942}") = "Class7th (Multiple Inheritance)", "..\Class7th (Muitiple Inheritance)\Class7th (Muitiple Inheritance).vcxproj", "{88D4DED8-48E6-41AF-99FE-D25E3BF06A77}"
EndProject
Project("{8BC9CEB8-8B4A-11D0-8D11-00A0C91BC942}") = "Class6th (Pure Virtual Function)", "..\Class6th (Pure)\Class6th (Pure).vcxproj", "{FC7251ED-93D0-4E05-822D-F004CF963F72}"
EndProject
Global
	GlobalSection(SolutionConfigurationPlatforms) = preSolution
		Debug|x64 = Debug|x64
		Debug|x86 = Debug|x86
		Release|x64 = Release|x64
		Release|x86 = Release|x86
	EndGlobalSection
	GlobalSection(ProjectConfigurationPlatforms) = postSolution
		{13C58CD6-C8B4-4AE8-B7A1-E058FFB20D41}.Debug|x64.ActiveCfg = Debug|x64
		{13C58CD6-C8B4-4AE8-B7A1-E058FFB20D41}.Debug|x64.Build.0 = Debug|x64
		{13C58CD6-C8B4-4AE8-B7A1-E058FFB20D41}.Debug|x86.ActiveCfg = Debug|Win32
		{13C58CD6-C8B4-4AE8-B7A1-E058FFB20D41}.Debug|x86.Build.0 = Debug|Win32
		{13C58CD6-C8B4-4AE8-B7A1-E058FFB20D41}.Release|x64.ActiveCfg = Release|x64
		{13C58CD6-C8B4-4AE8-B7A1-E058FFB20D41}.Release|x64.Build.0 = Release|x64
		{13C58CD6-C8B4-4AE8-B7A1-E058FFB20D41}.Release|x86.ActiveCfg = Release|Win32
		{13C58CD6-C8B4-4AE8-B7A1-E058FFB20D41}.Release|x86.Build.0 = Release|Win32
		{3164165C-7C78-4A9F-A073-855B129E695E}.Debug|x64.ActiveCfg = Debug|x64
		{3164165C-7C78-4A9F-A073-855B129E695E}.Debug|x64.Build.0 = Debug|x64
		{3164165C-7C78-4A9F-A073-855B129E695E}.Debug|x86.ActiveCfg = Debug|Win32
		{3164165C-7C78-4A9F-A073-855B129E695E}.Debug|x86.Build.0 = Debug|Win32
		{3164165C-7C78-4A9F-A073-855B129E695E}.Release|x64.ActiveCfg = Release|x64
		{3164165C-7C78-4A9F-A073-855B129E695E}.Release|x64.Build.0 = Release|x64
		{3164165C-7C78-4A9F-A073-855B129E695E}.Release|x86.ActiveCfg = Release|Win32
		{3164165C-7C78-4A9F-A073-855B129E695E}.Release|x86.Build.0 = Release|Win32
		{05076A3F-971C-41AE-AD1D-6D1772C25B2B}.Debug|x64.ActiveCfg = Debug|x64
		{05076A3F-971C-41AE-AD1D-6D1772C25B2B}.Debug|x64.Build.0 = Debug|x64
		{05076A3F-971C-41AE-AD1D-6D1772C25B2B}.Debug|x86.ActiveCfg = Debug|Win32
		{05076A3F-971C-41AE-AD1D-6D1772C25B2B}.Debug|x86.Build.0 = Debug|Win32
		{05076A3F-971C-41AE-AD1D-6D1772C25B2B}.Release|x64.ActiveCfg = Release|x64
		{05076A3F-971C-41AE-AD1D-6D1772C25B2B}.Release|x64.Build.0 = Release|x64
		{05076A3F-971C-41AE-AD1D-6D1772C25B2B}.Release|x86.ActiveCfg = Release|Win32
		{05076A3F-971C-41AE-AD1D-6D1772C25B2B}.Release|x86.Build.0 = Release|Win32
		{EB6E0B1C-F400-4BB4-88B0-F2E02AB8EB7D}.Debug|x64.ActiveCfg = Debug|x64
		{EB6E0B1C-F400-4BB4-88B0-F2E02AB8EB7D}.Debug|x64.Build.0 = Debug|x64
		{EB6E0B1C-F400-4BB4-88B0-F2E02AB8EB7D}.Debug|x86.ActiveCfg = Debug|Win32
		{EB6E0B1C-F400-4BB4-88B0-F2E02AB8EB7D}.Debug|x86.Build.0 = Debug|Win32
		{EB6E0B1C-F400-4BB4-88B0-F2E02AB8EB7D}.Release|x64.ActiveCfg = Release|x64
		{EB6E0B1C-F400-4BB4-88B0-F2E02AB8EB7D}.Release|x64.Build.0 = Release|x64
		{EB6E0B1C-F400-4BB4-88B0-F2E02AB8EB7D}.Release|x86.ActiveCfg = Release|Win32
		{EB6E0B1C-F400-4BB4-88B0-F2E02AB8EB7D}.Release|x86.Build.0 = Release|Win32
		{50E280AB-36C5-4854-B961-77EAEA71493E}.Debug|x64.ActiveCfg = Debug|x64
		{50E280AB-36C5-4854-B961-77EAEA71493E}.Debug|x64.Build.0 = Debug|x64
		{50E280AB-36C5-4854-B961-77EAEA71493E}.Debug|x86.ActiveCfg = Debug|Win32
		{50E280AB-36C5-4854-B961-77EAEA71493E}.Debug|x86.Build.0 = Debug|Win32
		{50E280AB-36C5-4854-B961-77EAEA71493E}.Release|x64.ActiveCfg = Release|x64
		{50E280AB-36C5-4854-B961-77EAEA71493E}.Release|x64.Build.0 = Release|x64
		{50E280AB-36C5-4854-B961-77EAEA71493E}.Release|x86.ActiveCfg = Release|Win32
		{50E280AB-36C5-4854-B961-77EAEA71493E}.Release|x86.Build.0 = Release|Win32
		{FD6EA295-22FA-4BFE-962A-91C50B86818D}.Debug|x64.ActiveCfg = Debug|x64
		{FD6EA295-22FA-4BFE-962A-91C50B86818D}.Debug|x64.Build.0 = Debug|x64
		{FD6EA295-22FA-4BFE-962A-91C50B86818D}.Debug|x86.ActiveCfg = Debug|Win32
		{FD6EA295-22FA-4BFE-962A-91C50B86818D}.Debug|x86.Build.0 = Debug|Win32
		{FD6EA295-22FA-4BFE-962A-91C50B86818D}.Release|x64.ActiveCfg = Release|x64
		{FD6EA295-22FA-4BFE-962A-91C50B86818D}.Release|x64.Build.0 = Release|x64
		{FD6EA295-22FA-4BFE-962A-91C50B86818D}.Release|x86.ActiveCfg = Release|Win32
		{FD6EA295-22FA-4BFE-962A-91C50B86818D}.Release|x86.Build.0 = Release|Win32
		{88D4DED8-48E6-41AF-99FE-D25E3BF06A77}.Debug|x64.ActiveCfg = Debug|x64
		{88D4DED8-48E6-41AF-99FE-D25E3BF06A77}.Debug|x64.Build.0 = Debug|x64
		{88D4DED8-48E6-41AF-99FE-D25E3BF06A77}.Debug|x86.ActiveCfg = Debug|Win32
		{88D4DED8-48E6-41AF-99FE-D25E3BF06A77}.Debug|x86.Build.0 = Debug|Win32
		{88D4DED8-48E6-41AF-99FE-D25E3BF06A77}.Release|x64.ActiveCfg = Release|x64
		{88D4DED8-48E6-41AF-99FE-D25E3BF06A77}.Release|x64.Build.0 = Release|x64
		{88D4DED8-48E6-41AF-99FE-D25E3BF06A77}.Release|x86.ActiveCfg = Release|Win32
		{88D4DED8-48E6-41AF-99FE-D25E3BF06A77}.Release|x86.Build.0 = Release|Win32
		{FC7251ED-93D0-4E05-822D-F004CF963F72}.Debug|x64.ActiveCfg = Debug|x64
		{FC7251ED-93D0-4E05-822D-F004CF963F72}.Debug|x64.Build.0 = Debug|x64
		{FC7251ED-93D0-4E05-822D-F004CF963F72}.Debug|x86.ActiveCfg = Debug|Win32
		{FC7251ED-93D0-4E05-822D-F004CF963F72}.Debug|x86.Build.0 = Debug|Win32
		{FC7251ED-93D0-4E05-822D-F004CF963F72}.Release|x64.ActiveCfg = Release|x64
		{FC7251ED-93D0-4E05-822D-F004CF963F72}.Release|x64.Build.0 = Release|x64
		{FC7251ED-93D0-4E05-822D-F004CF963F72}.Release|x86.ActiveCfg = Release|Win32
		{FC7251ED-93D0-4E05-822D-F004CF963F72}.Release|x86.Build.0 = Release|Win32
	EndGlobalSection
	GlobalSection(SolutionProperties) = preSolution
		HideSolutionNode = FALSE
	EndGlobalSection
	GlobalSection(ExtensibilityGlobals) = postSolution
		SolutionGuid = {C9C594B2-A304-4F80-BB68-D9E670468EF0}
	EndGlobalSection
EndGlobal
